
Microsoft Visual Studio Solution File, Format Version 12.00
# Visual Studio Version 16
VisualStudioVersion = 16.0.33027.164
MinimumVisualStudioVersion = 10.0.40219.1
Project("{FAE04EC0-301F-11D3-BF4B-00C04F79EFBC}") = "PyWinForm_ConsumoAPI", "PyWinForm_ConsumoAPI.csproj", "{0A4E27EE-84F9-4540-B5CE-AAB09AE4980B}"
EndProject
Global
	GlobalSection(SolutionConfigurationPlatforms) = preSolution
		Debug|Any CPU = Debug|Any CPU
		Release|Any CPU = Release|Any CPU
	EndGlobalSection
	GlobalSection(ProjectConfigurationPlatforms) = postSolution
		{0A4E27EE-84F9-4540-B5CE-AAB09AE4980B}.Debug|Any CPU.ActiveCfg = Debug|Any CPU
		{0A4E27EE-84F9-4540-B5CE-AAB09AE4980B}.Debug|Any CPU.Build.0 = Debug|Any CPU
		{0A4E27EE-84F9-4540-B5CE-AAB09AE4980B}.Release|Any CPU.ActiveCfg = Release|Any CPU
		{0A4E27EE-84F9-4540-B5CE-AAB09AE4980B}.Release|Any CPU.Build.0 = Release|Any CPU
	EndGlobalSection
	GlobalSection(SolutionProperties) = preSolution
		HideSolutionNode = FALSE
	EndGlobalSection
	GlobalSection(ExtensibilityGlobals) = postSolution
		SolutionGuid = {257358A8-15DE-4557-9B81-36D2F46CD00C}
	EndGlobalSection
EndGlobal
